
Microsoft Visual Studio Solution File, Format Version 12.00
Project("{FAE04EC0-301F-11D3-BF4B-00C04F79EFBC}") = "PlayTestContainers.Data", "PlayTestContainers.Data\PlayTestContainers.Data.csproj", "{1AD86C39-1446-4AE7-B8A9-1B53770F4644}"
EndProject
Project("{2150E333-8FDC-42A3-9474-1A3956D46DE8}") = "SolutionItems", "SolutionItems", "{B92505F4-C55A-4998-8BC6-0DCC49E95739}"
	ProjectSection(SolutionItems) = preProject
		README.md = README.md
		.gitignore = .gitignore
		docker-compose.yml = docker-compose.yml
	EndProjectSection
EndProject
Project("{FAE04EC0-301F-11D3-BF4B-00C04F79EFBC}") = "PlayTestContainers.Runner", "PlayTestContainers.Runner\PlayTestContainers.Runner.csproj", "{6F43AAF0-EECE-45C3-90D4-5922EAB2C9C6}"
EndProject
Project("{FAE04EC0-301F-11D3-BF4B-00C04F79EFBC}") = "PlayTestContainers.Tests", "PlayTestContainers.Tests\PlayTestContainers.Tests.csproj", "{264E873A-D529-4AD1-90FB-7046BCD99476}"
EndProject
Project("{2150E333-8FDC-42A3-9474-1A3956D46DE8}") = ".github", ".github", "{CB95E503-2B6B-4823-ACB8-D9F05376ED5C}"
EndProject
Project("{2150E333-8FDC-42A3-9474-1A3956D46DE8}") = "workflows", "workflows", "{E9DF87C7-2B16-4895-9C31-B25498A6BB4D}"
	ProjectSection(SolutionItems) = preProject
		.github\workflows\dotnet-test.yml = .github\workflows\dotnet-test.yml
	EndProjectSection
EndProject
Global
	GlobalSection(SolutionConfigurationPlatforms) = preSolution
		Debug|Any CPU = Debug|Any CPU
		Release|Any CPU = Release|Any CPU
	EndGlobalSection
	GlobalSection(ProjectConfigurationPlatforms) = postSolution
		{1AD86C39-1446-4AE7-B8A9-1B53770F4644}.Debug|Any CPU.ActiveCfg = Debug|Any CPU
		{1AD86C39-1446-4AE7-B8A9-1B53770F4644}.Debug|Any CPU.Build.0 = Debug|Any CPU
		{1AD86C39-1446-4AE7-B8A9-1B53770F4644}.Release|Any CPU.ActiveCfg = Release|Any CPU
		{1AD86C39-1446-4AE7-B8A9-1B53770F4644}.Release|Any CPU.Build.0 = Release|Any CPU
		{6F43AAF0-EECE-45C3-90D4-5922EAB2C9C6}.Debug|Any CPU.ActiveCfg = Debug|Any CPU
		{6F43AAF0-EECE-45C3-90D4-5922EAB2C9C6}.Debug|Any CPU.Build.0 = Debug|Any CPU
		{6F43AAF0-EECE-45C3-90D4-5922EAB2C9C6}.Release|Any CPU.ActiveCfg = Release|Any CPU
		{6F43AAF0-EECE-45C3-90D4-5922EAB2C9C6}.Release|Any CPU.Build.0 = Release|Any CPU
		{264E873A-D529-4AD1-90FB-7046BCD99476}.Debug|Any CPU.ActiveCfg = Debug|Any CPU
		{264E873A-D529-4AD1-90FB-7046BCD99476}.Debug|Any CPU.Build.0 = Debug|Any CPU
		{264E873A-D529-4AD1-90FB-7046BCD99476}.Release|Any CPU.ActiveCfg = Release|Any CPU
		{264E873A-D529-4AD1-90FB-7046BCD99476}.Release|Any CPU.Build.0 = Release|Any CPU
	EndGlobalSection
	GlobalSection(NestedProjects) = preSolution
		{CB95E503-2B6B-4823-ACB8-D9F05376ED5C} = {B92505F4-C55A-4998-8BC6-0DCC49E95739}
		{E9DF87C7-2B16-4895-9C31-B25498A6BB4D} = {CB95E503-2B6B-4823-ACB8-D9F05376ED5C}
	EndGlobalSection
EndGlobal
